
Microsoft Visual Studio Solution File, Format Version 12.00
# Visual Studio Version 16
VisualStudioVersion = 16.0.31321.278
MinimumVisualStudioVersion = 10.0.40219.1
Project("{FAE04EC0-301F-11D3-BF4B-00C04F79EFBC}") = "S10Cuantificacion", "S10Cuantificacion\S10Cuantificacion.csproj", "{BAB780C7-73F4-42C6-9400-7C0BEBC85076}"
EndProject
Global
	GlobalSection(SolutionConfigurationPlatforms) = preSolution
		Debug|Any CPU = Debug|Any CPU
		Debug|x64 = Debug|x64
		Release|Any CPU = Release|Any CPU
		Release|x64 = Release|x64
	EndGlobalSection
	GlobalSection(ProjectConfigurationPlatforms) = postSolution
		{BAB780C7-73F4-42C6-9400-7C0BEBC85076}.Debug|Any CPU.ActiveCfg = Debug|Any CPU
		{BAB780C7-73F4-42C6-9400-7C0BEBC85076}.Debug|Any CPU.Build.0 = Debug|Any CPU
		{BAB780C7-73F4-42C6-9400-7C0BEBC85076}.Debug|x64.ActiveCfg = Debug|x64
		{BAB780C7-73F4-42C6-9400-7C0BEBC85076}.Debug|x64.Build.0 = Debug|x64
		{BAB780C7-73F4-42C6-9400-7C0BEBC85076}.Release|Any CPU.ActiveCfg = Release|Any CPU
		{BAB780C7-73F4-42C6-9400-7C0BEBC85076}.Release|Any CPU.Build.0 = Release|Any CPU
		{BAB780C7-73F4-42C6-9400-7C0BEBC85076}.Release|x64.ActiveCfg = Release|x64
		{BAB780C7-73F4-42C6-9400-7C0BEBC85076}.Release|x64.Build.0 = Release|x64
	EndGlobalSection
	GlobalSection(SolutionProperties) = preSolution
		HideSolutionNode = FALSE
	EndGlobalSection
	GlobalSection(ExtensibilityGlobals) = postSolution
		SolutionGuid = {4E6D209F-D269-44DD-8838-8260D7F117B8}
	EndGlobalSection
EndGlobal
